github.com/boombuler/barcode v1.0.0/go.mod h1:paBWMcWSl3LHKBqUq+rly7CNSldXjb2rDl3JlRe0mD8=
github.com/cognicraft/archive v0.1.0 h1:gimZ6sIYPkQZc1FukSh4OUmgkzZfB1PXkEAY8kkvxGk=
github.com/cognicraft/archive v0.1.0/go.mod h1:GtrzUgr7QYMtwX6e2VKBX5UsbqP8B+frUpTJI0DGqCE=
github.com/cognicraft/hyper v0.1.5 h1:nmQK0yBdvZjo+g0DkrT+wSgT0BIJ6dE+sCUYzWlEGd4=
github.com/cognicraft/hyper v0.1.5/go.mod h1:rdypOsSfNqvVIlUj2H5ETGdQwM8MuPaL1bZd+eu1l50=
github.com/cognicraft/mux v0.1.0 h1:8GpxFm5vWkADMEdVRz9Q6OcES55TwBmqohjOqqT09D0=
github.com/cognicraft/mux v0.1.0/go.mod h1:1XIig/ORziu3dQUOktN4+DyvOiYzSkuHDMuUx2V8jbw=
github.com/cognicraft/sqlutil v0.1.0 h1:5/ph7A6VXrlPiOSbuprA9qWel61Tx59MfwmC+JN97p0=
github.com/cognicraft/sqlutil v0.1.0/go.mod h1:pI6HcWbv0csaVHST1Y2vZlW0iDxXBTE5TDQVaUzC4gU=
github.com/cognicraft/uri v0.1.0 h1:jEcf8U8K3go/KgT6UEzpmg2g2F6fzVdgkVNNWCC//E4=
github.com/cognicraft/uri v0.1.0/go.mod h1:9XFZ16Bom4ibGYnBNCWjL5szm0V3oFj35Mubk+LxpTo=
github.com/davecgh/go-spew v1.1.0/go.mod h1:J7Y8YcW2NihsgmVo/mv3lAwl/skON4iLHjSsI+c5H38=
github.com/jung-kurt/gofpdf v1.0.0/go.mod h1:7Id9E/uU8ce6rXgefFLlgrJj/GYY22cpxn+r32jIOes=
github.com/jung-kurt/gofpdf v1.16.2 h1:jgbatWHfRlPYiK85qgevsZTHviWXKwB1TTiKdz5PtRc=
github.com/jung-kurt/gofpdf v1.16.2/go.mod h1:1hl7y57EsiPAkLbOwzpzqgx1A30nQCk/YmFV8S2vmK0=
github.com/mattn/go-sqlite3 v2.0.3+incompatible h1:gXHsfypPkaMZrKbD5209QV9jbUTJKjyR5WD3HYQSd+U=
github.com/mattn/go-sqlite3 v2.0.3+incompatible/go.mod h1:FPy6KqzDD04eiIsT53CuJW3U88zkxoIYsOqkbpncsNc=
github.com/phpdave11/gofpdi v1.0.7/go.mod h1:vBmVV0Do6hSBHC8uKUQ71JGW+ZGQq74llk/7bXwjDoI=
github.com/pkg/errors v0.8.1/go.mod h1:bwawxfHBFNV+L2hUp1rHADufV3IMtnDRdf1r5NINEl0=
github.com/pmezard/go-difflib v1.0.0/go.mod h1:iKH77koFhYxTK1pcRnkKkqfTogsbg7gZNVY4sRDYZ/4=
github.com/ruudk/golang-pdf417 v0.0.0-20181029194003-1af4ab5afa58/go.mod h1:6lfFZQK844Gfx8o5WFuvpxWRwnSoipWe/p622j1v06w=
github.com/stretchr/testify v1.2.2/go.mod h1:a8OnRcib4nhh0OaRAV+Yts87kKdq0PP7pXfy6kDkUVs=
golang.org/x/image v0.0.0-20190910094157-69e4b8554b2a/go.mod h1:FeLwcggjj3mMvU+oOTbSwawSJRM1uh48EjtB4UJZlP0=
golang.org/x/text v0.3.0/go.mod h1:NqM8EUOU14njkJ3fqMW+pc6Ldnwhi/IjpwHt7yyuwOQ=
